// !$*UTF8*$!
{
	archiveVersion = 1;
	classes = {
	};
	objectVersion = 50;
	objects = {

/* Begin PBXBuildFile section */
		184D585F23823CA700158458 /* AppDelegate.m in Sources */ = {isa = PBXBuildFile; fileRef = 184D585E23823CA700158458 /* AppDelegate.m */; };
		184D586A23823CA700158458 /* Assets.xcassets in Resources */ = {isa = PBXBuildFile; fileRef = 184D586923823CA700158458 /* Assets.xcassets */; };
		184D586D23823CA700158458 /* LaunchScreen.storyboard in Resources */ = {isa = PBXBuildFile; fileRef = 184D586B23823CA700158458 /* LaunchScreen.storyboard */; };
		184D587023823CA700158458 /* main.m in Sources */ = {isa = PBXBuildFile; fileRef = 184D586F23823CA700158458 /* main.m */; };
		184D587A23823CA700158458 /* testTests.m in Sources */ = {isa = PBXBuildFile; fileRef = 184D587923823CA700158458 /* testTests.m */; };
		184D588523823CA700158458 /* testUITests.m in Sources */ = {isa = PBXBuildFile; fileRef = 184D588423823CA700158458 /* testUITests.m */; };
		18E318AA2382585D0074C1AD /* QCViewController.m in Sources */ = {isa = PBXBuildFile; fileRef = 18E318A92382585D0074C1AD /* QCViewController.m */; };
		A93158B15B9C9E75BE5906CA /* libPods-test.a in Frameworks */ = {isa = PBXBuildFile; fileRef = 7933EA1FC644A276ADC779E5 /* libPods-test.a */; };
/* End PBXBuildFile section */

/* Begin PBXContainerItemProxy section */
		184D587623823CA700158458 /* PBXContainerItemProxy */ = {
			isa = PBXContainerItemProxy;
			containerPortal = 184D585223823CA700158458 /* Project object */;
			proxyType = 1;
			remoteGlobalIDString = 184D585923823CA700158458;
			remoteInfo = test;
		};
		184D588123823CA700158458 /* PBXContainerItemProxy */ = {
			isa = PBXContainerItemProxy;
			containerPortal = 184D585223823CA700158458 /* Project object */;
			proxyType = 1;
			remoteGlobalIDString = 184D585923823CA700158458;
			remoteInfo = test;
		};
/* End PBXContainerItemProxy section */

/* Begin PBXFileReference section */
		184D585A23823CA700158458 /* test.app */ = {isa = PBXFileReference; explicitFileType = wrapper.application; includeInIndex = 0; path = test.app; sourceTree = BUILT_PRODUCTS_DIR; };
		184D585D23823CA700158458 /* AppDelegate.h */ = {isa = PBXFileReference; lastKnownFileType = sourcecode.c.h; path = AppDelegate.h; sourceTree = "<group>"; };
		184D585E23823CA700158458 /* AppDelegate.m */ = {isa = PBXFileReference; lastKnownFileType = sourcecode.c.objc; path = AppDelegate.m; sourceTree = "<group>"; };
		184D586923823CA700158458 /* Assets.xcassets */ = {isa = PBXFileReference; lastKnownFileType = folder.assetcatalog; path = Assets.xcassets; sourceTree = "<group>"; };
		184D586C23823CA700158458 /* Base */ = {isa = PBXFileReference; lastKnownFileType = file.storyboard; name = Base; path = Base.lproj/LaunchScreen.storyboard; sourceTree = "<group>"; };
		184D586E23823CA700158458 /* Info.plist */ = {isa = PBXFileReference; lastKnownFileType = text.plist.xml; path = Info.plist; sourceTree = "<group>"; };
		184D586F23823CA700158458 /* main.m */ = {isa = PBXFileReference; lastKnownFileType = sourcecode.c.objc; path = main.m; sourceTree = "<group>"; };
		184D587523823CA700158458 /* testTests.xctest */ = {isa = PBXFileReference; explicitFileType = wrapper.cfbundle; includeInIndex = 0; path = testTests.xctest; sourceTree = BUILT_PRODUCTS_DIR; };
		184D587923823CA700158458 /* testTests.m */ = {isa = PBXFileReference; lastKnownFileType = sourcecode.c.objc; path = testTests.m; sourceTree = "<group>"; };
		184D587B23823CA700158458 /* Info.plist */ = {isa = PBXFileReference; lastKnownFileType = text.plist.xml; path = Info.plist; sourceTree = "<group>"; };
		184D588023823CA700158458 /* testUITests.xctest */ = {isa = PBXFileReference; explicitFileType = wrapper.cfbundle; includeInIndex = 0; path = testUITests.xctest; sourceTree = BUILT_PRODUCTS_DIR; };
		184D588423823CA700158458 /* testUITests.m */ = {isa = PBXFileReference; lastKnownFileType = sourcecode.c.objc; path = testUITests.m; sourceTree = "<group>"; };
		184D588623823CA700158458 /* Info.plist */ = {isa = PBXFileReference; lastKnownFileType = text.plist.xml; path = Info.plist; sourceTree = "<group>"; };
		18E318A82382585D0074C1AD /* QCViewController.h */ = {isa = PBXFileReference; lastKnownFileType = sourcecode.c.h; path = QCViewController.h; sourceTree = "<group>"; };
		18E318A92382585D0074C1AD /* QCViewController.m */ = {isa = PBXFileReference; lastKnownFileType = sourcecode.c.objc; path = QCViewController.m; sourceTree = "<group>"; };
		3BBD2ED0FEB5F196F59F798F /* Pods-test.release.xcconfig */ = {isa = PBXFileReference; includeInIndex = 1; lastKnownFileType = text.xcconfig; name = "Pods-test.release.xcconfig"; path = "Target Support Files/Pods-test/Pods-test.release.xcconfig"; sourceTree = "<group>"; };
		66C7323BD2FB9DDB710D7496 /* Pods-test.debug.xcconfig */ = {isa = PBXFileReference; includeInIndex = 1; lastKnownFileType = text.xcconfig; name = "Pods-test.debug.xcconfig"; path = "Target Support Files/Pods-test/Pods-test.debug.xcconfig"; sourceTree = "<group>"; };
		7933EA1FC644A276ADC779E5 /* libPods-test.a */ = {isa = PBXFileReference; explicitFileType = archive.ar; includeInIndex = 0; path = "libPods-test.a"; sourceTree = BUILT_PRODUCTS_DIR; };
/* End PBXFileReference section */

/* Begin PBXFrameworksBuildPhase section */
		184D585723823CA700158458 /* Frameworks */ = {
			isa = PBXFrameworksBuildPhase;
			buildActionMask = 2147483647;
			files = (
				A93158B15B9C9E75BE5906CA /* libPods-test.a in Frameworks */,
			);
			runOnlyForDeploymentPostprocessing = 0;
		};
		184D587223823CA700158458 /* Frameworks */ = {
			isa = PBXFrameworksBuildPhase;
			buildActionMask = 2147483647;
			files = (
			);
			runOnlyForDeploymentPostprocessing = 0;
		};
		184D587D23823CA700158458 /* Frameworks */ = {
			isa = PBXFrameworksBuildPhase;
			buildActionMask = 2147483647;
			files = (
			);
			runOnlyForDeploymentPostprocessing = 0;
		};
/* End PBXFrameworksBuildPhase section */

/* Begin PBXGroup section */
		0F22690AB43B2D8AEC7B1938 /* Pods */ = {
			isa = PBXGroup;
			children = (
				66C7323BD2FB9DDB710D7496 /* Pods-test.debug.xcconfig */,
				3BBD2ED0FEB5F196F59F798F /* Pods-test.release.xcconfig */,
			);
			name = Pods;
			path = Pods;
			sourceTree = "<group>";
		};
		184D585123823CA700158458 = {
			isa = PBXGroup;
			children = (
				184D585C23823CA700158458 /* test */,
				184D587823823CA700158458 /* testTests */,
				184D588323823CA700158458 /* testUITests */,
				184D585B23823CA700158458 /* Products */,
				0F22690AB43B2D8AEC7B1938 /* Pods */,
				488B42C59205524A4EF752A8 /* Frameworks */,
			);
			sourceTree = "<group>";
		};
		184D585B23823CA700158458 /* Products */ = {
			isa = PBXGroup;
			children = (
				184D585A23823CA700158458 /* test.app */,
				184D587523823CA700158458 /* testTests.xctest */,
				184D588023823CA700158458 /* testUITests.xctest */,
			);
			name = Products;
			sourceTree = "<group>";
		};
		184D585C23823CA700158458 /* test */ = {
			isa = PBXGroup;
			children = (
				184D585D23823CA700158458 /* AppDelegate.h */,
				184D585E23823CA700158458 /* AppDelegate.m */,
				18E318A82382585D0074C1AD /* QCViewController.h */,
				18E318A92382585D0074C1AD /* QCViewController.m */,
				184D586923823CA700158458 /* Assets.xcassets */,
				184D586B23823CA700158458 /* LaunchScreen.storyboard */,
				184D586E23823CA700158458 /* Info.plist */,
				184D586F23823CA700158458 /* main.m */,
			);
			path = test;
			sourceTree = "<group>";
		};
		184D587823823CA700158458 /* testTests */ = {
			isa = PBXGroup;
			children = (
				184D587923823CA700158458 /* testTests.m */,
				184D587B23823CA700158458 /* Info.plist */,
			);
			path = testTests;
			sourceTree = "<group>";
		};
		184D588323823CA700158458 /* testUITests */ = {
			isa = PBXGroup;
			children = (
				184D588423823CA700158458 /* testUITests.m */,
				184D588623823CA700158458 /* Info.plist */,
			);
			path = testUITests;
			sourceTree = "<group>";
		};
		488B42C59205524A4EF752A8 /* Frameworks */ = {
			isa = PBXGroup;
			children = (
				7933EA1FC644A276ADC779E5 /* libPods-test.a */,
			);
			name = Frameworks;
			sourceTree = "<group>";
		};
/* End PBXGroup section */

/* Begin PBXNativeTarget section */
		184D585923823CA700158458 /* test */ = {
			isa = PBXNativeTarget;
			buildConfigurationList = 184D588923823CA700158458 /* Build configuration list for PBXNativeTarget "test" */;
			buildPhases = (
				1A200E260B3F9BE9F0587744 /* [CP] Check Pods Manifest.lock */,
				184D585623823CA700158458 /* Sources */,
				184D585723823CA700158458 /* Frameworks */,
				184D585823823CA700158458 /* Resources */,
			);
			buildRules = (
			);
			dependencies = (
			);
			name = test;
			productName = test;
			productReference = 184D585A23823CA700158458 /* test.app */;
			productType = "com.apple.product-type.application";
		};
		184D587423823CA700158458 /* testTests */ = {
			isa = PBXNativeTarget;
			buildConfigurationList = 184D588C23823CA700158458 /* Build configuration list for PBXNativeTarget "testTests" */;
			buildPhases = (
				184D587123823CA700158458 /* Sources */,
				184D587223823CA700158458 /* Frameworks */,
				184D587323823CA700158458 /* Resources */,
			);
			buildRules = (
			);
			dependencies = (
				184D587723823CA700158458 /* PBXTargetDependency */,
			);
			name = testTests;
			productName = testTests;
			productReference = 184D587523823CA700158458 /* testTests.xctest */;
			productType = "com.apple.product-type.bundle.unit-test";
		};
		184D587F23823CA700158458 /* testUITests */ = {
			isa = PBXNativeTarget;
			buildConfigurationList = 184D588F23823CA700158458 /* Build configuration list for PBXNativeTarget "testUITests" */;
			buildPhases = (
				184D587C23823CA700158458 /* Sources */,
				184D587D23823CA700158458 /* Frameworks */,
				184D587E23823CA700158458 /* Resources */,
			);
			buildRules = (
			);
			dependencies = (
				184D588223823CA700158458 /* PBXTargetDependency */,
			);
			name = testUITests;
			productName = testUITests;
			productReference = 184D588023823CA700158458 /* testUITests.xctest */;
			productType = "com.apple.product-type.bundle.ui-testing";
		};
/* End PBXNativeTarget section */

/* Begin PBXProject section */
		184D585223823CA700158458 /* Project object */ = {
			isa = PBXProject;
			attributes = {
				LastUpgradeCheck = 1120;
				ORGANIZATIONNAME = apple;
				TargetAttributes = {
					184D585923823CA700158458 = {
						CreatedOnToolsVersion = 11.2.1;
					};
					184D587423823CA700158458 = {
						CreatedOnToolsVersion = 11.2.1;
						TestTargetID = 184D585923823CA700158458;
					};
					184D587F23823CA700158458 = {
						CreatedOnToolsVersion = 11.2.1;
						TestTargetID = 184D585923823CA700158458;
					};
				};
			};
			buildConfigurationList = 184D585523823CA700158458 /* Build configuration list for PBXProject "test" */;
			compatibilityVersion = "Xcode 9.3";
			developmentRegion = en;
			hasScannedForEncodings = 0;
			knownRegions = (
				en,
				Base,
			);
			mainGroup = 184D585123823CA700158458;
			productRefGroup = 184D585B23823CA700158458 /* Products */;
			projectDirPath = "";
			projectRoot = "";
			targets = (
				184D585923823CA700158458 /* test */,
				184D587423823CA700158458 /* testTests */,
				184D587F23823CA700158458 /* testUITests */,
			);
		};
/* End PBXProject section */

/* Begin PBXResourcesBuildPhase section */
		184D585823823CA700158458 /* Resources */ = {
			isa = PBXResourcesBuildPhase;
			buildActionMask = 2147483647;
			files = (
				184D586D23823CA700158458 /* LaunchScreen.storyboard in Resources */,
				184D586A23823CA700158458 /* Assets.xcassets in Resources */,
			);
			runOnlyForDeploymentPostprocessing = 0;
		};
		184D587323823CA700158458 /* Resources */ = {
			isa = PBXResourcesBuildPhase;
			buildActionMask = 2147483647;
			files = (
			);
			runOnlyForDeploymentPostprocessing = 0;
		};
		184D587E23823CA700158458 /* Resources */ = {
			isa = PBXResourcesBuildPhase;
			buildActionMask = 2147483647;
			files = (
			);
			runOnlyForDeploymentPostprocessing = 0;
		};
/* End PBXResourcesBuildPhase section */

/* Begin PBXShellScriptBuildPhase section */
		1A200E260B3F9BE9F0587744 /* [CP] Check Pods Manifest.lock */ = {
			isa = PBXShellScriptBuildPhase;
			buildActionMask = 2147483647;
			files = (
			);
			inputFileListPaths = (
			);
			inputPaths = (
				"${PODS_PODFILE_DIR_PATH}/Podfile.lock",
				"${PODS_ROOT}/Manifest.lock",
			);
			name = "[CP] Check Pods Manifest.lock";
			outputFileListPaths = (
			);
			outputPaths = (
				"$(DERIVED_FILE_DIR)/Pods-test-checkManifestLockResult.txt",
			);
			runOnlyForDeploymentPostprocessing = 0;
			shellPath = /bin/sh;
			shellScript = "diff \"${PODS_PODFILE_DIR_PATH}/Podfile.lock\" \"${PODS_ROOT}/Manifest.lock\" > /dev/null\nif [ $? != 0 ] ; then\n    # print error to STDERR\n    echo \"error: The sandbox is not in sync with the Podfile.lock. Run 'pod install' or update your CocoaPods installation.\" >&2\n    exit 1\nfi\n# This output is used by Xcode 'outputs' to avoid re-running this script phase.\necho \"SUCCESS\" > \"${SCRIPT_OUTPUT_FILE_0}\"\n";
			showEnvVarsInLog = 0;
		};
/* End PBXShellScriptBuildPhase section */

/* Begin PBXSourcesBuildPhase section */
		184D585623823CA700158458 /* Sources */ = {
			isa = PBXSourcesBuildPhase;
			buildActionMask = 2147483647;
			files = (
				18E318AA2382585D0074C1AD /* QCViewController.m in Sources */,
				184D585F23823CA700158458 /* AppDelegate.m in Sources */,
				184D587023823CA700158458 /* main.m in Sources */,
			);
			runOnlyForDeploymentPostprocessing = 0;
		};
		184D587123823CA700158458 /* Sources */ = {
			isa = PBXSourcesBuildPhase;
			buildActionMask = 2147483647;
			files = (
				184D587A23823CA700158458 /* testTests.m in Sources */,
			);
			runOnlyForDeploymentPostprocessing = 0;
		};
		184D587C23823CA700158458 /* Sources */ = {
			isa = PBXSourcesBuildPhase;
			buildActionMask = 2147483647;
			files = (
				184D588523823CA700158458 /* testUITests.m in Sources */,
			);
			runOnlyForDeploymentPostprocessing = 0;
		};
/* End PBXSourcesBuildPhase section */

/* Begin PBXTargetDependency section */
		184D587723823CA700158458 /* PBXTargetDependency */ = {
			isa = PBXTargetDependency;
			target = 184D585923823CA700158458 /* test */;
			targetProxy = 184D587623823CA700158458 /* PBXContainerItemProxy */;
		};
		184D588223823CA700158458 /* PBXTargetDependency */ = {
			isa = PBXTargetDependency;
			target = 184D585923823CA700158458 /* test */;
			targetProxy = 184D588123823CA700158458 /* PBXContainerItemProxy */;
		};
/* End PBXTargetDependency section */

/* Begin PBXVariantGroup section */
		184D586B23823CA700158458 /* LaunchScreen.storyboard */ = {
			isa = PBXVariantGroup;
			children = (
				184D586C23823CA700158458 /* Base */,
			);
			name = LaunchScreen.storyboard;
			sourceTree = "<group>";
		};
/* End PBXVariantGroup section */

/* Begin XCBuildConfiguration section */
		184D588723823CA700158458 /* Debug */ = {
			isa = XCBuildConfiguration;
			buildSettings = {
				ALWAYS_SEARCH_USER_PATHS = NO;
				CLANG_ANALYZER_NONNULL = YES;
				CLANG_ANALYZER_NUMBER_OBJECT_CONVERSION = YES_AGGRESSIVE;
				CLANG_CXX_LANGUAGE_STANDARD = "gnu++14";
				CLANG_CXX_LIBRARY = "libc++";
				CLANG_ENABLE_MODULES = YES;
				CLANG_ENABLE_OBJC_ARC = YES;
				CLANG_ENABLE_OBJC_WEAK = YES;
				CLANG_WARN_BLOCK_CAPTURE_AUTORELEASING = YES;
				CLANG_WARN_BOOL_CONVERSION = YES;
				CLANG_WARN_COMMA = YES;
				CLANG_WARN_CONSTANT_CONVERSION = YES;
				CLANG_WARN_DEPRECATED_OBJC_IMPLEMENTATIONS = YES;
				CLANG_WARN_DIRECT_OBJC_ISA_USAGE = YES_ERROR;
				CLANG_WARN_DOCUMENTATION_COMMENTS = YES;
				CLANG_WARN_EMPTY_BODY = YES;
				CLANG_WARN_ENUM_CONVERSION = YES;
				CLANG_WARN_INFINITE_RECURSION = YES;
				CLANG_WARN_INT_CONVERSION = YES;
				CLANG_WARN_NON_LITERAL_NULL_CONVERSION = YES;
				CLANG_WARN_OBJC_IMPLICIT_RETAIN_SELF = YES;
				CLANG_WARN_OBJC_LITERAL_CONVERSION = YES;
				CLANG_WARN_OBJC_ROOT_CLASS = YES_ERROR;
				CLANG_WARN_RANGE_LOOP_ANALYSIS = YES;
				CLANG_WARN_STRICT_PROTOTYPES = YES;
				CLANG_WARN_SUSPICIOUS_MOVE = YES;
				CLANG_WARN_UNGUARDED_AVAILABILITY = YES_AGGRESSIVE;
				CLANG_WARN_UNREACHABLE_CODE = YES;
				CLANG_WARN__DUPLICATE_METHOD_MATCH = YES;
				COPY_PHASE_STRIP = NO;
				DEBUG_INFORMATION_FORMAT = dwarf;
				ENABLE_STRICT_OBJC_MSGSEND = YES;
				ENABLE_TESTABILITY = YES;
				GCC_C_LANGUAGE_STANDARD = gnu11;
				GCC_DYNAMIC_NO_PIC = NO;
				GCC_NO_COMMON_BLOCKS = YES;
				GCC_OPTIMIZATION_LEVEL = 0;
				GCC_PREPROCESSOR_DEFINITIONS = (
					"DEBUG=1",
					"$(inherited)",
				);
				GCC_WARN_64_TO_32_BIT_CONVERSION = YES;
				GCC_WARN_ABOUT_RETURN_TYPE = YES_ERROR;
				GCC_WARN_UNDECLARED_SELECTOR = YES;
				GCC_WARN_UNINITIALIZED_AUTOS = YES_AGGRESSIVE;
				GCC_WARN_UNUSED_FUNCTION = YES;
				GCC_WARN_UNUSED_VARIABLE = YES;
				IPHONEOS_DEPLOYMENT_TARGET = 13.2;
				MTL_ENABLE_DEBUG_INFO = INCLUDE_SOURCE;
				MTL_FAST_MATH = YES;
				ONLY_ACTIVE_ARCH = YES;
				SDKROOT = iphoneos;
			};
			name = Debug;
		};
		184D588823823CA700158458 /* Release */ = {
			isa = XCBuildConfiguration;
			buildSettings = {
				ALWAYS_SEARCH_USER_PATHS = NO;
				CLANG_ANALYZER_NONNULL = YES;
				CLANG_ANALYZER_NUMBER_OBJECT_CONVERSION = YES_AGGRESSIVE;
				CLANG_CXX_LANGUAGE_STANDARD = "gnu++14";
				CLANG_CXX_LIBRARY = "libc++";
				CLANG_ENABLE_MODULES = YES;
				CLANG_ENABLE_OBJC_ARC = YES;
				CLANG_ENABLE_OBJC_WEAK = YES;
				CLANG_WARN_BLOCK_CAPTURE_AUTORELEASING = YES;
				CLANG_WARN_BOOL_CONVERSION = YES;
				CLANG_WARN_COMMA = YES;
				CLANG_WARN_CONSTANT_CONVERSION = YES;
				CLANG_WARN_DEPRECATED_OBJC_IMPLEMENTATIONS = YES;
				CLANG_WARN_DIRECT_OBJC_ISA_USAGE = YES_ERROR;
				CLANG_WARN_DOCUMENTATION_COMMENTS = YES;
				CLANG_WARN_EMPTY_BODY = YES;
				CLANG_WARN_ENUM_CONVERSION = YES;
				CLANG_WARN_INFINITE_RECURSION = YES;
				CLANG_WARN_INT_CONVERSION = YES;
				CLANG_WARN_NON_LITERAL_NULL_CONVERSION = YES;
				CLANG_WARN_OBJC_IMPLICIT_RETAIN_SELF = YES;
				CLANG_WARN_OBJC_LITERAL_CONVERSION = YES;
				CLANG_WARN_OBJC_ROOT_CLASS = YES_ERROR;
				CLANG_WARN_RANGE_LOOP_ANALYSIS = YES;
				CLANG_WARN_STRICT_PROTOTYPES = YES;
				CLANG_WARN_SUSPICIOUS_MOVE = YES;
				CLANG_WARN_UNGUARDED_AVAILABILITY = YES_AGGRESSIVE;
				CLANG_WARN_UNREACHABLE_CODE = YES;
				CLANG_WARN__DUPLICATE_METHOD_MATCH = YES;
				COPY_PHASE_STRIP = NO;
				DEBUG_INFORMATION_FORMAT = "dwarf-with-dsym";
				ENABLE_NS_ASSERTIONS = NO;
				ENABLE_STRICT_OBJC_MSGSEND = YES;
				GCC_C_LANGUAGE_STANDARD = gnu11;
				GCC_NO_COMMON_BLOCKS = YES;
				GCC_WARN_64_TO_32_BIT_CONVERSION = YES;
				GCC_WARN_ABOUT_RETURN_TYPE = YES_ERROR;
				GCC_WARN_UNDECLARED_SELECTOR = YES;
				GCC_WARN_UNINITIALIZED_AUTOS = YES_AGGRESSIVE;
				GCC_WARN_UNUSED_FUNCTION = YES;
				GCC_WARN_UNUSED_VARIABLE = YES;
				IPHONEOS_DEPLOYMENT_TARGET = 13.2;
				MTL_ENABLE_DEBUG_INFO = NO;
				MTL_FAST_MATH = YES;
				SDKROOT = iphoneos;
				VALIDATE_PRODUCT = YES;
			};
			name = Release;
		};
		184D588A23823CA700158458 /* Debug */ = {
			isa = XCBuildConfiguration;
			baseConfigurationReference = 66C7323BD2FB9DDB710D7496 /* Pods-test.debug.xcconfig */;
			buildSettings = {
				ASSETCATALOG_COMPILER_APPICON_NAME = AppIcon;
				CODE_SIGN_STYLE = Automatic;
				INFOPLIST_FILE = test/Info.plist;
				IPHONEOS_DEPLOYMENT_TARGET = 12.0;
				LD_RUNPATH_SEARCH_PATHS = (
					"$(inherited)",
					"@executable_path/Frameworks",
				);
				PRODUCT_BUNDLE_IDENTIFIER = com.qsyy.test;
				PRODUCT_NAME = "$(TARGET_NAME)";
				TARGETED_DEVICE_FAMILY = 1;
			};
			name = Debug;
		};
		184D588B23823CA700158458 /* Release */ = {
			isa = XCBuildConfiguration;
			baseConfigurationReference = 3BBD2ED0FEB5F196F59F798F /* Pods-test.release.xcconfig */;
			buildSettings = {
				ASSETCATALOG_COMPILER_APPICON_NAME = AppIcon;
				CODE_SIGN_STYLE = Automatic;
				INFOPLIST_FILE = test/Info.plist;
				IPHONEOS_DEPLOYMENT_TARGET = 12.0;
				LD_RUNPATH_SEARCH_PATHS = (
					"$(inherited)",
					"@executable_path/Frameworks",
				);
				PRODUCT_BUNDLE_IDENTIFIER = com.qsyy.test;
				PRODUCT_NAME = "$(TARGET_NAME)";
				TARGETED_DEVICE_FAMILY = 1;
			};
			name = Release;
		};
		184D588D23823CA700158458 /* Debug */ = {
			isa = XCBuildConfiguration;
			buildSettings = {
				BUNDLE_LOADER = "$(TEST_HOST)";
				CODE_SIGN_STYLE = Automatic;
				INFOPLIST_FILE = testTests/Info.plist;
				IPHONEOS_DEPLOYMENT_TARGET = 13.2;
				LD_RUNPATH_SEARCH_PATHS = (
					"$(inherited)",
					"@executable_path/Frameworks",
					"@loader_path/Frameworks",
				);
				PRODUCT_BUNDLE_IDENTIFIER = com.qsyy.testTests;
				PRODUCT_NAME = "$(TARGET_NAME)";
				TARGETED_DEVICE_FAMILY = "1,2";
				TEST_HOST = "$(BUILT_PRODUCTS_DIR)/test.app/test";
			};
			name = Debug;
		};
		184D588E23823CA700158458 /* Release */ = {
			isa = XCBuildConfiguration;
			buildSettings = {
				BUNDLE_LOADER = "$(TEST_HOST)";
				CODE_SIGN_STYLE = Automatic;
				INFOPLIST_FILE = testTests/Info.plist;
				IPHONEOS_DEPLOYMENT_TARGET = 13.2;
				LD_RUNPATH_SEARCH_PATHS = (
					"$(inherited)",
					"@executable_path/Frameworks",
					"@loader_path/Frameworks",
				);
				PRODUCT_BUNDLE_IDENTIFIER = com.qsyy.testTests;
				PRODUCT_NAME = "$(TARGET_NAME)";
				TARGETED_DEVICE_FAMILY = "1,2";
				TEST_HOST = "$(BUILT_PRODUCTS_DIR)/test.app/test";
			};
			name = Release;
		};
		184D589023823CA700158458 /* Debug */ = {
			isa = XCBuildConfiguration;
			buildSettings = {
				CODE_SIGN_STYLE = Automatic;
				INFOPLIST_FILE = testUITests/Info.plist;
				LD_RUNPATH_SEARCH_PATHS = (
					"$(inherited)",
					"@executable_path/Frameworks",
					"@loader_path/Frameworks",
				);
				PRODUCT_BUNDLE_IDENTIFIER = com.qsyy.testUITests;
				PRODUCT_NAME = "$(TARGET_NAME)";
				TARGETED_DEVICE_FAMILY = "1,2";
				TEST_TARGET_NAME = test;
			};
			name = Debug;
		};
		184D589123823CA700158458 /* Release */ = {
			isa = XCBuildConfiguration;
			buildSettings = {
				CODE_SIGN_STYLE = Automatic;
				INFOPLIST_FILE = testUITests/Info.plist;
				LD_RUNPATH_SEARCH_PATHS = (
					"$(inherited)",
					"@executable_path/Frameworks",
					"@loader_path/Frameworks",
				);
				PRODUCT_BUNDLE_IDENTIFIER = com.qsyy.testUITests;
				PRODUCT_NAME = "$(TARGET_NAME)";
				TARGETED_DEVICE_FAMILY = "1,2";
				TEST_TARGET_NAME = test;
			};
			name = Release;
		};
/* End XCBuildConfiguration section */

/* Begin XCConfigurationList section */
		184D585523823CA700158458 /* Build configuration list for PBXProject "test" */ = {
			isa = XCConfigurationList;
			buildConfigurations = (
				184D588723823CA700158458 /* Debug */,
				184D588823823CA700158458 /* Release */,
			);
			defaultConfigurationIsVisible = 0;
			defaultConfigurationName = Release;
		};
		184D588923823CA700158458 /* Build configuration list for PBXNativeTarget "test" */ = {
			isa = XCConfigurationList;
			buildConfigurations = (
				184D588A23823CA700158458 /* Debug */,
				184D588B23823CA700158458 /* Release */,
			);
			defaultConfigurationIsVisible = 0;
			defaultConfigurationName = Release;
		};
		184D588C23823CA700158458 /* Build configuration list for PBXNativeTarget "testTests" */ = {
			isa = XCConfigurationList;
			buildConfigurations = (
				184D588D23823CA700158458 /* Debug */,
				184D588E23823CA700158458 /* Release */,
			);
			defaultConfigurationIsVisible = 0;
			defaultConfigurationName = Release;
		};
		184D588F23823CA700158458 /* Build configuration list for PBXNativeTarget "testUITests" */ = {
			isa = XCConfigurationList;
			buildConfigurations = (
				184D589023823CA700158458 /* Debug */,
				184D589123823CA700158458 /* Release */,
			);
			defaultConfigurationIsVisible = 0;
			defaultConfigurationName = Release;
		};
/* End XCConfigurationList section */
	};
	rootObject = 184D585223823CA700158458 /* Project object */;
}
